// !$*UTF8*$!
{
	archiveVersion = 1;
	classes = {
	};
	objectVersion = 46;
	objects = {

/* Begin PBXBuildFile section */
		A11FFC671404305C00ACB144 /* UIKit.framework in Frameworks */ = {isa = PBXBuildFile; fileRef = A11FFC661404305C00ACB144 /* UIKit.framework */; };
		A11FFC691404305C00ACB144 /* Foundation.framework in Frameworks */ = {isa = PBXBuildFile; fileRef = A11FFC681404305C00ACB144 /* Foundation.framework */; };
		A11FFC6B1404305C00ACB144 /* CoreGraphics.framework in Frameworks */ = {isa = PBXBuildFile; fileRef = A11FFC6A1404305C00ACB144 /* CoreGraphics.framework */; };
		A11FFC871404305C00ACB144 /* UIKit.framework in Frameworks */ = {isa = PBXBuildFile; fileRef = A11FFC661404305C00ACB144 /* UIKit.framework */; };
		A11FFC881404305C00ACB144 /* Foundation.framework in Frameworks */ = {isa = PBXBuildFile; fileRef = A11FFC681404305C00ACB144 /* Foundation.framework */; };
		A11FFC891404305C00ACB144 /* CoreGraphics.framework in Frameworks */ = {isa = PBXBuildFile; fileRef = A11FFC6A1404305C00ACB144 /* CoreGraphics.framework */; };
		A11FFC911404305C00ACB144 /* InfoPlist.strings in Resources */ = {isa = PBXBuildFile; fileRef = A11FFC8F1404305C00ACB144 /* InfoPlist.strings */; };
		A11FFC941404305C00ACB144 /* categoryLikeMockTests.h in Resources */ = {isa = PBXBuildFile; fileRef = A11FFC931404305C00ACB144 /* categoryLikeMockTests.h */; };
		A11FFC961404305C00ACB144 /* categoryLikeMockTests.m in Sources */ = {isa = PBXBuildFile; fileRef = A11FFC951404305C00ACB144 /* categoryLikeMockTests.m */; };
		A11FFCB41404513000ACB144 /* BCMockAppDelegate.m in Sources */ = {isa = PBXBuildFile; fileRef = A11FFCAF1404512F00ACB144 /* BCMockAppDelegate.m */; };
		A11FFCB51404513000ACB144 /* BCMockViewController.m in Sources */ = {isa = PBXBuildFile; fileRef = A11FFCB21404512F00ACB144 /* BCMockViewController.m */; };
		A11FFCBD1404514400ACB144 /* BCMockViewController.xib in Resources */ = {isa = PBXBuildFile; fileRef = A11FFCB91404514400ACB144 /* BCMockViewController.xib */; };
		A11FFCBE1404514400ACB144 /* MainWindow.xib in Resources */ = {isa = PBXBuildFile; fileRef = A11FFCBB1404514400ACB144 /* MainWindow.xib */; };
		A11FFCC7140451F400ACB144 /* BCMock.m in Sources */ = {isa = PBXBuildFile; fileRef = A11FFCC6140451F400ACB144 /* BCMock.m */; };
		A11FFCCC1404520400ACB144 /* Other.m in Sources */ = {isa = PBXBuildFile; fileRef = A11FFCC91404520400ACB144 /* Other.m */; };
		A11FFCCD1404520400ACB144 /* Test.m in Sources */ = {isa = PBXBuildFile; fileRef = A11FFCCB1404520400ACB144 /* Test.m */; };
		A11FFCDB140452DE00ACB144 /* main.m in Sources */ = {isa = PBXBuildFile; fileRef = A11FFCDA140452DE00ACB144 /* main.m */; };
		A11FFCE2140452F100ACB144 /* InfoPlist.strings in Resources */ = {isa = PBXBuildFile; fileRef = A11FFCE0140452F100ACB144 /* InfoPlist.strings */; };
		A11FFCE61404538000ACB144 /* BCMock-Info.plist in Resources */ = {isa = PBXBuildFile; fileRef = A11FFCE51404538000ACB144 /* BCMock-Info.plist */; };
/* End PBXBuildFile section */

/* Begin PBXContainerItemProxy section */
		A11FFC8A1404305C00ACB144 /* PBXContainerItemProxy */ = {
			isa = PBXContainerItemProxy;
			containerPortal = A11FFC591404305C00ACB144 /* Project object */;
			proxyType = 1;
			remoteGlobalIDString = A11FFC611404305C00ACB144;
			remoteInfo = categoryLikeMock;
		};
/* End PBXContainerItemProxy section */

/* Begin PBXFileReference section */
		A11FFC621404305C00ACB144 /* BCMock.app */ = {isa = PBXFileReference; explicitFileType = wrapper.application; includeInIndex = 0; path = BCMock.app; sourceTree = BUILT_PRODUCTS_DIR; };
		A11FFC661404305C00ACB144 /* UIKit.framework */ = {isa = PBXFileReference; lastKnownFileType = wrapper.framework; name = UIKit.framework; path = System/Library/Frameworks/UIKit.framework; sourceTree = SDKROOT; };
		A11FFC681404305C00ACB144 /* Foundation.framework */ = {isa = PBXFileReference; lastKnownFileType = wrapper.framework; name = Foundation.framework; path = System/Library/Frameworks/Foundation.framework; sourceTree = SDKROOT; };
		A11FFC6A1404305C00ACB144 /* CoreGraphics.framework */ = {isa = PBXFileReference; lastKnownFileType = wrapper.framework; name = CoreGraphics.framework; path = System/Library/Frameworks/CoreGraphics.framework; sourceTree = SDKROOT; };
		A11FFC861404305C00ACB144 /* BCMockTests.octest */ = {isa = PBXFileReference; explicitFileType = wrapper.cfbundle; includeInIndex = 0; path = BCMockTests.octest; sourceTree = BUILT_PRODUCTS_DIR; };
		A11FFC8E1404305C00ACB144 /* BCMockTests-Info.plist */ = {isa = PBXFileReference; lastKnownFileType = text.plist.xml; path = "BCMockTests-Info.plist"; sourceTree = "<group>"; };
		A11FFC901404305C00ACB144 /* en */ = {isa = PBXFileReference; lastKnownFileType = text.plist.strings; name = en; path = en.lproj/InfoPlist.strings; sourceTree = "<group>"; };
		A11FFC921404305C00ACB144 /* BCMockTests-Prefix.pch */ = {isa = PBXFileReference; lastKnownFileType = sourcecode.c.h; path = "BCMockTests-Prefix.pch"; sourceTree = "<group>"; };
		A11FFC931404305C00ACB144 /* categoryLikeMockTests.h */ = {isa = PBXFileReference; lastKnownFileType = sourcecode.c.h; path = categoryLikeMockTests.h; sourceTree = "<group>"; };
		A11FFC951404305C00ACB144 /* categoryLikeMockTests.m */ = {isa = PBXFileReference; lastKnownFileType = sourcecode.c.objc; path = categoryLikeMockTests.m; sourceTree = "<group>"; };
		A11FFCAF1404512F00ACB144 /* BCMockAppDelegate.m */ = {isa = PBXFileReference; fileEncoding = 4; lastKnownFileType = sourcecode.c.objc; name = BCMockAppDelegate.m; path = BCMock/BCMockAppDelegate.m; sourceTree = SOURCE_ROOT; };
		A11FFCB01404512F00ACB144 /* BCMockAppDelegate.h */ = {isa = PBXFileReference; fileEncoding = 4; lastKnownFileType = sourcecode.c.h; name = BCMockAppDelegate.h; path = BCMock/BCMockAppDelegate.h; sourceTree = SOURCE_ROOT; };
		A11FFCB11404512F00ACB144 /* BCMockViewController.h */ = {isa = PBXFileReference; fileEncoding = 4; lastKnownFileType = sourcecode.c.h; name = BCMockViewController.h; path = BCMock/BCMockViewController.h; sourceTree = SOURCE_ROOT; };
		A11FFCB21404512F00ACB144 /* BCMockViewController.m */ = {isa = PBXFileReference; fileEncoding = 4; lastKnownFileType = sourcecode.c.objc; name = BCMockViewController.m; path = BCMock/BCMockViewController.m; sourceTree = SOURCE_ROOT; };
		A11FFCBA1404514400ACB144 /* en */ = {isa = PBXFileReference; lastKnownFileType = file.xib; name = en; path = BCMock/en.lproj/BCMockViewController.xib; sourceTree = SOURCE_ROOT; };
		A11FFCBC1404514400ACB144 /* en */ = {isa = PBXFileReference; lastKnownFileType = file.xib; name = en; path = BCMock/en.lproj/MainWindow.xib; sourceTree = SOURCE_ROOT; };
		A11FFCC5140451F400ACB144 /* BCMock.h */ = {isa = PBXFileReference; fileEncoding = 4; lastKnownFileType = sourcecode.c.h; name = BCMock.h; path = BCMock/BCMock.h; sourceTree = SOURCE_ROOT; };
		A11FFCC6140451F400ACB144 /* BCMock.m */ = {isa = PBXFileReference; fileEncoding = 4; lastKnownFileType = sourcecode.c.objc; name = BCMock.m; path = BCMock/BCMock.m; sourceTree = SOURCE_ROOT; };
		A11FFCC81404520400ACB144 /* Other.h */ = {isa = PBXFileReference; fileEncoding = 4; lastKnownFileType = sourcecode.c.h; name = Other.h; path = BCMock/Other.h; sourceTree = SOURCE_ROOT; };
		A11FFCC91404520400ACB144 /* Other.m */ = {isa = PBXFileReference; fileEncoding = 4; lastKnownFileType = sourcecode.c.objc; name = Other.m; path = BCMock/Other.m; sourceTree = SOURCE_ROOT; };
		A11FFCCA1404520400ACB144 /* Test.h */ = {isa = PBXFileReference; fileEncoding = 4; lastKnownFileType = sourcecode.c.h; name = Test.h; path = BCMock/Test.h; sourceTree = SOURCE_ROOT; };
		A11FFCCB1404520400ACB144 /* Test.m */ = {isa = PBXFileReference; fileEncoding = 4; lastKnownFileType = sourcecode.c.objc; name = Test.m; path = BCMock/Test.m; sourceTree = SOURCE_ROOT; };
		A11FFCDA140452DE00ACB144 /* main.m */ = {isa = PBXFileReference; fileEncoding = 4; lastKnownFileType = sourcecode.c.objc; name = main.m; path = BCMock/main.m; sourceTree = SOURCE_ROOT; };
		A11FFCE1140452F100ACB144 /* en */ = {isa = PBXFileReference; lastKnownFileType = text.plist.strings; name = en; path = BCMock/en.lproj/InfoPlist.strings; sourceTree = SOURCE_ROOT; };
		A11FFCE51404538000ACB144 /* BCMock-Info.plist */ = {isa = PBXFileReference; fileEncoding = 4; lastKnownFileType = text.plist.xml; path = "BCMock-Info.plist"; sourceTree = SOURCE_ROOT; };
		A11FFCE7140454A000ACB144 /* BCMock-Prefix.pch */ = {isa = PBXFileReference; fileEncoding = 4; lastKnownFileType = sourcecode.c.h; path = "BCMock-Prefix.pch"; sourceTree = SOURCE_ROOT; };
/* End PBXFileReference section */

/* Begin PBXFrameworksBuildPhase section */
		A11FFC5F1404305C00ACB144 /* Frameworks */ = {
			isa = PBXFrameworksBuildPhase;
			buildActionMask = 2147483647;
			files = (
				A11FFC671404305C00ACB144 /* UIKit.framework in Frameworks */,
				A11FFC691404305C00ACB144 /* Foundation.framework in Frameworks */,
				A11FFC6B1404305C00ACB144 /* CoreGraphics.framework in Frameworks */,
			);
			runOnlyForDeploymentPostprocessing = 0;
		};
		A11FFC821404305C00ACB144 /* Frameworks */ = {
			isa = PBXFrameworksBuildPhase;
			buildActionMask = 2147483647;
			files = (
				A11FFC871404305C00ACB144 /* UIKit.framework in Frameworks */,
				A11FFC881404305C00ACB144 /* Foundation.framework in Frameworks */,
				A11FFC891404305C00ACB144 /* CoreGraphics.framework in Frameworks */,
			);
			runOnlyForDeploymentPostprocessing = 0;
		};
/* End PBXFrameworksBuildPhase section */

/* Begin PBXGroup section */
		A11FFC571404305C00ACB144 = {
			isa = PBXGroup;
			children = (
				A11FFC6C1404305C00ACB144 /* Mock */,
				A11FFC8C1404305C00ACB144 /* MockTests */,
				A11FFC651404305C00ACB144 /* Frameworks */,
				A11FFC631404305C00ACB144 /* Products */,
			);
			sourceTree = "<group>";
		};
		A11FFC631404305C00ACB144 /* Products */ = {
			isa = PBXGroup;
			children = (
				A11FFC621404305C00ACB144 /* BCMock.app */,
				A11FFC861404305C00ACB144 /* BCMockTests.octest */,
			);
			name = Products;
			sourceTree = "<group>";
		};
		A11FFC651404305C00ACB144 /* Frameworks */ = {
			isa = PBXGroup;
			children = (
				A11FFC661404305C00ACB144 /* UIKit.framework */,
				A11FFC681404305C00ACB144 /* Foundation.framework */,
				A11FFC6A1404305C00ACB144 /* CoreGraphics.framework */,
			);
			name = Frameworks;
			sourceTree = "<group>";
		};
		A11FFC6C1404305C00ACB144 /* Mock */ = {
			isa = PBXGroup;
			children = (
				A11FFCC4140451CC00ACB144 /* Objects */,
				A11FFCC3140451AE00ACB144 /* Controller */,
				A11FFCC2140451A600ACB144 /* Views */,
				A11FFCC11404519300ACB144 /* BCMock */,
				A11FFCB01404512F00ACB144 /* BCMockAppDelegate.h */,
				A11FFCBF1404517200ACB144 /* BCMockAppDelegate.m */,
				A11FFC6D1404305C00ACB144 /* Supporting Files */,
			);
			name = Mock;
			path = categoryLikeMock;
			sourceTree = "<group>";
		};
		A11FFC6D1404305C00ACB144 /* Supporting Files */ = {
			isa = PBXGroup;
			children = (
				A11FFCE7140454A000ACB144 /* BCMock-Prefix.pch */,
				A11FFCE0140452F100ACB144 /* InfoPlist.strings */,
				A11FFCDA140452DE00ACB144 /* main.m */,
				A11FFCE51404538000ACB144 /* BCMock-Info.plist */,
			);
			name = "Supporting Files";
			sourceTree = "<group>";
		};
		A11FFC8C1404305C00ACB144 /* MockTests */ = {
			isa = PBXGroup;
			children = (
				A11FFC931404305C00ACB144 /* categoryLikeMockTests.h */,
				A11FFC951404305C00ACB144 /* categoryLikeMockTests.m */,
				A11FFC8D1404305C00ACB144 /* Supporting Files */,
			);
			name = MockTests;
			path = categoryLikeMockTests;
			sourceTree = "<group>";
		};
		A11FFC8D1404305C00ACB144 /* Supporting Files */ = {
			isa = PBXGroup;
			children = (
				A11FFC8E1404305C00ACB144 /* BCMockTests-Info.plist */,
				A11FFC8F1404305C00ACB144 /* InfoPlist.strings */,
				A11FFC921404305C00ACB144 /* BCMockTests-Prefix.pch */,
			);
			name = "Supporting Files";
			sourceTree = "<group>";
		};
		A11FFCC11404519300ACB144 /* BCMock */ = {
			isa = PBXGroup;
			children = (
				A11FFCC5140451F400ACB144 /* BCMock.h */,
				A11FFCC6140451F400ACB144 /* BCMock.m */,
			);
			name = BCMock;
			sourceTree = "<group>";
		};
		A11FFCC2140451A600ACB144 /* Views */ = {
			isa = PBXGroup;
			children = (
				A11FFCB91404514400ACB144 /* BCMockViewController.xib */,
				A11FFCBB1404514400ACB144 /* MainWindow.xib */,
			);
			name = Views;
			sourceTree = "<group>";
		};
		A11FFCC3140451AE00ACB144 /* Controller */ = {
			isa = PBXGroup;
			children = (
				A11FFCB11404512F00ACB144 /* BCMockViewController.h */,
				A11FFCB21404512F00ACB144 /* BCMockViewController.m */,
			);
			name = Controller;
			sourceTree = "<group>";
		};
		A11FFCC4140451CC00ACB144 /* Objects */ = {
			isa = PBXGroup;
			children = (
				A11FFCC81404520400ACB144 /* Other.h */,
				A11FFCC91404520400ACB144 /* Other.m */,
				A11FFCCA1404520400ACB144 /* Test.h */,
				A11FFCCB1404520400ACB144 /* Test.m */,
			);
			name = Objects;
			sourceTree = "<group>";
		};
/* End PBXGroup section */

/* Begin PBXNativeTarget section */
		A11FFC611404305C00ACB144 /* BCMock */ = {
			isa = PBXNativeTarget;
			buildConfigurationList = A11FFC991404305C00ACB144 /* Build configuration list for PBXNativeTarget "BCMock" */;
			buildPhases = (
				A11FFC5E1404305C00ACB144 /* Sources */,
				A11FFC5F1404305C00ACB144 /* Frameworks */,
				A11FFC601404305C00ACB144 /* Resources */,
			);
			buildRules = (
			);
			dependencies = (
			);
			name = BCMock;
			productName = categoryLikeMock;
			productReference = A11FFC621404305C00ACB144 /* BCMock.app */;
			productType = "com.apple.product-type.application";
		};
		A11FFC851404305C00ACB144 /* BCMockTests */ = {
			isa = PBXNativeTarget;
			buildConfigurationList = A11FFC9C1404305C00ACB144 /* Build configuration list for PBXNativeTarget "BCMockTests" */;
			buildPhases = (
				A11FFC811404305C00ACB144 /* Sources */,
				A11FFC821404305C00ACB144 /* Frameworks */,
				A11FFC831404305C00ACB144 /* Resources */,
				A11FFC841404305C00ACB144 /* ShellScript */,
			);
			buildRules = (
			);
			dependencies = (
				A11FFC8B1404305C00ACB144 /* PBXTargetDependency */,
			);
			name = BCMockTests;
			productName = categoryLikeMockTests;
			productReference = A11FFC861404305C00ACB144 /* BCMockTests.octest */;
			productType = "com.apple.product-type.bundle";
		};
/* End PBXNativeTarget section */

/* Begin PBXProject section */
		A11FFC591404305C00ACB144 /* Project object */ = {
			isa = PBXProject;
			attributes = {
				ORGANIZATIONNAME = bcharp;
			};
			buildConfigurationList = A11FFC5C1404305C00ACB144 /* Build configuration list for PBXProject "BCMock" */;
			compatibilityVersion = "Xcode 3.2";
			developmentRegion = English;
			hasScannedForEncodings = 0;
			knownRegions = (
				en,
			);
			mainGroup = A11FFC571404305C00ACB144;
			productRefGroup = A11FFC631404305C00ACB144 /* Products */;
			projectDirPath = "";
			projectRoot = "";
			targets = (
				A11FFC611404305C00ACB144 /* BCMock */,
				A11FFC851404305C00ACB144 /* BCMockTests */,
			);
		};
/* End PBXProject section */

/* Begin PBXResourcesBuildPhase section */
		A11FFC601404305C00ACB144 /* Resources */ = {
			isa = PBXResourcesBuildPhase;
			buildActionMask = 2147483647;
			files = (
				A11FFCBD1404514400ACB144 /* BCMockViewController.xib in Resources */,
				A11FFCBE1404514400ACB144 /* MainWindow.xib in Resources */,
				A11FFCE2140452F100ACB144 /* InfoPlist.strings in Resources */,
				A11FFCE61404538000ACB144 /* BCMock-Info.plist in Resources */,
			);
			runOnlyForDeploymentPostprocessing = 0;
		};
		A11FFC831404305C00ACB144 /* Resources */ = {
			isa = PBXResourcesBuildPhase;
			buildActionMask = 2147483647;
			files = (
				A11FFC911404305C00ACB144 /* InfoPlist.strings in Resources */,
				A11FFC941404305C00ACB144 /* categoryLikeMockTests.h in Resources */,
			);
			runOnlyForDeploymentPostprocessing = 0;
		};
/* End PBXResourcesBuildPhase section */

/* Begin PBXShellScriptBuildPhase section */
		A11FFC841404305C00ACB144 /* ShellScript */ = {
			isa = PBXShellScriptBuildPhase;
			buildActionMask = 2147483647;
			files = (
			);
			inputPaths = (
			);
			outputPaths = (
			);
			runOnlyForDeploymentPostprocessing = 0;
			shellPath = /bin/sh;
			shellScript = "# Run the unit tests in this test bundle.\n\"${SYSTEM_DEVELOPER_DIR}/Tools/RunUnitTests\"\n";
		};
/* End PBXShellScriptBuildPhase section */

/* Begin PBXSourcesBuildPhase section */
		A11FFC5E1404305C00ACB144 /* Sources */ = {
			isa = PBXSourcesBuildPhase;
			buildActionMask = 2147483647;
			files = (
				A11FFCB41404513000ACB144 /* BCMockAppDelegate.m in Sources */,
				A11FFCB51404513000ACB144 /* BCMockViewController.m in Sources */,
				A11FFCC7140451F400ACB144 /* BCMock.m in Sources */,
				A11FFCCC1404520400ACB144 /* Other.m in Sources */,
				A11FFCCD1404520400ACB144 /* Test.m in Sources */,
				A11FFCDB140452DE00ACB144 /* main.m in Sources */,
			);
			runOnlyForDeploymentPostprocessing = 0;
		};
		A11FFC811404305C00ACB144 /* Sources */ = {
			isa = PBXSourcesBuildPhase;
			buildActionMask = 2147483647;
			files = (
				A11FFC961404305C00ACB144 /* categoryLikeMockTests.m in Sources */,
			);
			runOnlyForDeploymentPostprocessing = 0;
		};
/* End PBXSourcesBuildPhase section */

/* Begin PBXTargetDependency section */
		A11FFC8B1404305C00ACB144 /* PBXTargetDependency */ = {
			isa = PBXTargetDependency;
			target = A11FFC611404305C00ACB144 /* BCMock */;
			targetProxy = A11FFC8A1404305C00ACB144 /* PBXContainerItemProxy */;
		};
/* End PBXTargetDependency section */

/* Begin PBXVariantGroup section */
		A11FFC8F1404305C00ACB144 /* InfoPlist.strings */ = {
			isa = PBXVariantGroup;
			children = (
				A11FFC901404305C00ACB144 /* en */,
			);
			name = InfoPlist.strings;
			sourceTree = "<group>";
		};
		A11FFCB91404514400ACB144 /* BCMockViewController.xib */ = {
			isa = PBXVariantGroup;
			children = (
				A11FFCBA1404514400ACB144 /* en */,
			);
			name = BCMockViewController.xib;
			sourceTree = "<group>";
		};
		A11FFCBB1404514400ACB144 /* MainWindow.xib */ = {
			isa = PBXVariantGroup;
			children = (
				A11FFCBC1404514400ACB144 /* en */,
			);
			name = MainWindow.xib;
			sourceTree = "<group>";
		};
		A11FFCE0140452F100ACB144 /* InfoPlist.strings */ = {
			isa = PBXVariantGroup;
			children = (
				A11FFCE1140452F100ACB144 /* en */,
			);
			name = InfoPlist.strings;
			sourceTree = "<group>";
		};
/* End PBXVariantGroup section */

/* Begin XCBuildConfiguration section */
		A11FFC971404305C00ACB144 /* Debug */ = {
			isa = XCBuildConfiguration;
			buildSettings = {
				ARCHS = "$(ARCHS_STANDARD_32_BIT)";
				"CODE_SIGN_IDENTITY[sdk=iphoneos*]" = "iPhone Developer";
				GCC_C_LANGUAGE_STANDARD = gnu99;
				GCC_OPTIMIZATION_LEVEL = 0;
				GCC_PREPROCESSOR_DEFINITIONS = DEBUG;
				GCC_SYMBOLS_PRIVATE_EXTERN = NO;
				GCC_VERSION = com.apple.compilers.llvmgcc42;
				GCC_WARN_ABOUT_RETURN_TYPE = YES;
				GCC_WARN_UNUSED_VARIABLE = YES;
				IPHONEOS_DEPLOYMENT_TARGET = 4.3;
				SDKROOT = iphoneos;
			};
			name = Debug;
		};
		A11FFC981404305C00ACB144 /* Release */ = {
			isa = XCBuildConfiguration;
			buildSettings = {
				ARCHS = "$(ARCHS_STANDARD_32_BIT)";
				"CODE_SIGN_IDENTITY[sdk=iphoneos*]" = "iPhone Developer";
				GCC_C_LANGUAGE_STANDARD = gnu99;
				GCC_VERSION = com.apple.compilers.llvmgcc42;
				GCC_WARN_ABOUT_RETURN_TYPE = YES;
				GCC_WARN_UNUSED_VARIABLE = YES;
				IPHONEOS_DEPLOYMENT_TARGET = 4.3;
				OTHER_CFLAGS = "-DNS_BLOCK_ASSERTIONS=1";
				SDKROOT = iphoneos;
			};
			name = Release;
		};
		A11FFC9A1404305C00ACB144 /* Debug */ = {
			isa = XCBuildConfiguration;
			buildSettings = {
				ALWAYS_SEARCH_USER_PATHS = NO;
				COPY_PHASE_STRIP = NO;
				GCC_DYNAMIC_NO_PIC = NO;
				GCC_PRECOMPILE_PREFIX_HEADER = YES;
				GCC_PREFIX_HEADER = "BCMock-Prefix.pch";
				INFOPLIST_FILE = "BCMock-Info.plist";
				PRODUCT_NAME = BCMock;
				WRAPPER_EXTENSION = app;
			};
			name = Debug;
		};
		A11FFC9B1404305C00ACB144 /* Release */ = {
			isa = XCBuildConfiguration;
			buildSettings = {
				ALWAYS_SEARCH_USER_PATHS = NO;
				COPY_PHASE_STRIP = YES;
				GCC_PRECOMPILE_PREFIX_HEADER = YES;
				GCC_PREFIX_HEADER = "BCMock-Prefix.pch";
				INFOPLIST_FILE = "BCMock-Info.plist";
				PRODUCT_NAME = BCMock;
				VALIDATE_PRODUCT = YES;
				WRAPPER_EXTENSION = app;
			};
			name = Release;
		};
		A11FFC9D1404305C00ACB144 /* Debug */ = {
			isa = XCBuildConfiguration;
			buildSettings = {
				ALWAYS_SEARCH_USER_PATHS = NO;
				BUNDLE_LOADER = "$(BUILT_PRODUCTS_DIR)/categoryLikeMock.app/categoryLikeMock";
				FRAMEWORK_SEARCH_PATHS = (
					"$(SDKROOT)/Developer/Library/Frameworks",
					"$(DEVELOPER_LIBRARY_DIR)/Frameworks",
				);
				GCC_PRECOMPILE_PREFIX_HEADER = YES;
				GCC_PREFIX_HEADER = "BCMockTests-Prefix.pch";
				INFOPLIST_FILE = "BCMockTests-Info.plist";
				OTHER_LDFLAGS = (
					"-framework",
					SenTestingKit,
				);
				PRODUCT_NAME = BCMockTests;
				TEST_HOST = "$(BUNDLE_LOADER)";
				WRAPPER_EXTENSION = octest;
			};
			name = Debug;
		};
		A11FFC9E1404305C00ACB144 /* Release */ = {
			isa = XCBuildConfiguration;
			buildSettings = {
				ALWAYS_SEARCH_USER_PATHS = NO;
				BUNDLE_LOADER = "$(BUILT_PRODUCTS_DIR)/categoryLikeMock.app/categoryLikeMock";
				FRAMEWORK_SEARCH_PATHS = (
					"$(SDKROOT)/Developer/Library/Frameworks",
					"$(DEVELOPER_LIBRARY_DIR)/Frameworks",
				);
				GCC_PRECOMPILE_PREFIX_HEADER = YES;
				GCC_PREFIX_HEADER = "BCMockTests-Prefix.pch";
				INFOPLIST_FILE = "BCMockTests-Info.plist";
				OTHER_LDFLAGS = (
					"-framework",
					SenTestingKit,
				);
				PRODUCT_NAME = BCMockTests;
				TEST_HOST = "$(BUNDLE_LOADER)";
				WRAPPER_EXTENSION = octest;
			};
			name = Release;
		};
/* End XCBuildConfiguration section */

/* Begin XCConfigurationList section */
		A11FFC5C1404305C00ACB144 /* Build configuration list for PBXProject "BCMock" */ = {
			isa = XCConfigurationList;
			buildConfigurations = (
				A11FFC971404305C00ACB144 /* Debug */,
				A11FFC981404305C00ACB144 /* Release */,
			);
			defaultConfigurationIsVisible = 0;
			defaultConfigurationName = Release;
		};
		A11FFC991404305C00ACB144 /* Build configuration list for PBXNativeTarget "BCMock" */ = {
			isa = XCConfigurationList;
			buildConfigurations = (
				A11FFC9A1404305C00ACB144 /* Debug */,
				A11FFC9B1404305C00ACB144 /* Release */,
			);
			defaultConfigurationIsVisible = 0;
			defaultConfigurationName = Release;
		};
		A11FFC9C1404305C00ACB144 /* Build configuration list for PBXNativeTarget "BCMockTests" */ = {
			isa = XCConfigurationList;
			buildConfigurations = (
				A11FFC9D1404305C00ACB144 /* Debug */,
				A11FFC9E1404305C00ACB144 /* Release */,
			);
			defaultConfigurationIsVisible = 0;
			defaultConfigurationName = Release;
		};
/* End XCConfigurationList section */
	};
	rootObject = A11FFC591404305C00ACB144 /* Project object */;
}
